
Microsoft Visual Studio Solution File, Format Version 12.00
# Visual Studio Version 16
VisualStudioVersion = 16.0.28729.10
MinimumVisualStudioVersion = 10.0.40219.1
Project("{FAE04EC0-301F-11D3-BF4B-00C04F79EFBC}") = "CallWeb", "CallWeb\CallWeb.csproj", "{DBF1F9F3-1735-4F9D-8B51-E8B87900BC96}"
EndProject
Project("{FAE04EC0-301F-11D3-BF4B-00C04F79EFBC}") = "AsyncTest", "AsyncTest\AsyncTest.csproj", "{0A428A50-DEC2-4039-96C9-3AAEA79F9F20}"
EndProject
Global
	GlobalSection(SolutionConfigurationPlatforms) = preSolution
		Debug|Any CPU = Debug|Any CPU
		Release|Any CPU = Release|Any CPU
	EndGlobalSection
	GlobalSection(ProjectConfigurationPlatforms) = postSolution
		{DBF1F9F3-1735-4F9D-8B51-E8B87900BC96}.Debug|Any CPU.ActiveCfg = Debug|Any CPU
		{DBF1F9F3-1735-4F9D-8B51-E8B87900BC96}.Debug|Any CPU.Build.0 = Debug|Any CPU
		{DBF1F9F3-1735-4F9D-8B51-E8B87900BC96}.Release|Any CPU.ActiveCfg = Release|Any CPU
		{DBF1F9F3-1735-4F9D-8B51-E8B87900BC96}.Release|Any CPU.Build.0 = Release|Any CPU
		{0A428A50-DEC2-4039-96C9-3AAEA79F9F20}.Debug|Any CPU.ActiveCfg = Debug|Any CPU
		{0A428A50-DEC2-4039-96C9-3AAEA79F9F20}.Debug|Any CPU.Build.0 = Debug|Any CPU
		{0A428A50-DEC2-4039-96C9-3AAEA79F9F20}.Release|Any CPU.ActiveCfg = Release|Any CPU
		{0A428A50-DEC2-4039-96C9-3AAEA79F9F20}.Release|Any CPU.Build.0 = Release|Any CPU
	EndGlobalSection
	GlobalSection(SolutionProperties) = preSolution
		HideSolutionNode = FALSE
	EndGlobalSection
	GlobalSection(ExtensibilityGlobals) = postSolution
		SolutionGuid = {AB2D200B-5AC1-44CC-AA15-BA6CD2D8E189}
	EndGlobalSection
EndGlobal
